
Microsoft Visual Studio Solution File, Format Version 12.00
# Visual Studio Version 16
VisualStudioVersion = 16.0.30523.141
MinimumVisualStudioVersion = 10.0.40219.1
Project("{9A19103F-16F7-4668-BE54-9A1E7A4F7556}") = "CBS", "CBS\CBS.csproj", "{1A520811-55D0-42AA-A754-C508E424FC24}"
EndProject
Project("{FAE04EC0-301F-11D3-BF4B-00C04F79EFBC}") = "CBSTests", "CBSTests\CBSTests.csproj", "{3EAC159B-B532-4057-8530-36B8FFE85371}"
EndProject
Global
	GlobalSection(SolutionConfigurationPlatforms) = preSolution
		Debug|Any CPU = Debug|Any CPU
		Release|Any CPU = Release|Any CPU
	EndGlobalSection
	GlobalSection(ProjectConfigurationPlatforms) = postSolution
		{1A520811-55D0-42AA-A754-C508E424FC24}.Debug|Any CPU.ActiveCfg = Debug|Any CPU
		{1A520811-55D0-42AA-A754-C508E424FC24}.Debug|Any CPU.Build.0 = Debug|Any CPU
		{1A520811-55D0-42AA-A754-C508E424FC24}.Release|Any CPU.ActiveCfg = Release|Any CPU
		{1A520811-55D0-42AA-A754-C508E424FC24}.Release|Any CPU.Build.0 = Release|Any CPU
		{3EAC159B-B532-4057-8530-36B8FFE85371}.Debug|Any CPU.ActiveCfg = Debug|Any CPU
		{3EAC159B-B532-4057-8530-36B8FFE85371}.Debug|Any CPU.Build.0 = Debug|Any CPU
		{3EAC159B-B532-4057-8530-36B8FFE85371}.Release|Any CPU.ActiveCfg = Release|Any CPU
		{3EAC159B-B532-4057-8530-36B8FFE85371}.Release|Any CPU.Build.0 = Release|Any CPU
	EndGlobalSection
	GlobalSection(SolutionProperties) = preSolution
		HideSolutionNode = FALSE
	EndGlobalSection
	GlobalSection(ExtensibilityGlobals) = postSolution
		SolutionGuid = {D0D4C7AE-6CB4-4496-B23A-9487A471CA42}
	EndGlobalSection
EndGlobal
